PODS:
  - FMDB (2.6.2):
    - FMDB/standard (= 2.6.2)
  - FMDB/standard (2.6.2)
  - YXLOrmDB (0.1.0)

DEPENDENCIES:
  - FMDB
  - YXLOrmDB (from `/Users/yuxueliang/Public/LocalGit/YLODB/YXLOrmDB`)

EXTERNAL SOURCES:
  YXLOrmDB:
    :path: /Users/yuxueliang/Public/LocalGit/YLODB/YXLOrmDB

SPEC CHECKSUMS:
  FMDB: 854a0341b4726e53276f2a8996f06f1b80f9259a
  YXLOrmDB: 3ac7719e34ff0e2bd03121b44dd4c34ffa13ffc1

PODFILE CHECKSUM: ea7af325e446712d431daa65bbbdd7b08467f254

COCOAPODS: 1.2.1
